
Microsoft Visual Studio Solution File, Format Version 12.00
# Visual Studio Version 17
VisualStudioVersion = 17.13.35825.156 d17.13
MinimumVisualStudioVersion = 10.0.40219.1
Project("{FAE04EC0-301F-11D3-BF4B-00C04F79EFBC}") = "Altametrics Backend C# .NET", "Altametrics Backend C# .NET\Altametrics Backend C# .NET.csproj", "{7E76D9E8-9F66-47CA-8DA9-BAD74FF70557}"
EndProject
Global
	GlobalSection(SolutionConfigurationPlatforms) = preSolution
		Debug|Any CPU = Debug|Any CPU
		Release|Any CPU = Release|Any CPU
	EndGlobalSection
	GlobalSection(ProjectConfigurationPlatforms) = postSolution
		{7E76D9E8-9F66-47CA-8DA9-BAD74FF70557}.Debug|Any CPU.ActiveCfg = Debug|Any CPU
		{7E76D9E8-9F66-47CA-8DA9-BAD74FF70557}.Debug|Any CPU.Build.0 = Debug|Any CPU
		{7E76D9E8-9F66-47CA-8DA9-BAD74FF70557}.Release|Any CPU.ActiveCfg = Release|Any CPU
		{7E76D9E8-9F66-47CA-8DA9-BAD74FF70557}.Release|Any CPU.Build.0 = Release|Any CPU
	EndGlobalSection
	GlobalSection(SolutionProperties) = preSolution
		HideSolutionNode = FALSE
	EndGlobalSection
	GlobalSection(ExtensibilityGlobals) = postSolution
		SolutionGuid = {55DD80EE-BF71-4833-B757-7832E17A896F}
	EndGlobalSection
EndGlobal
